
Microsoft Visual Studio Solution File, Format Version 12.00
# Visual Studio 15
VisualStudioVersion = 15.0.28307.572
MinimumVisualStudioVersion = 10.0.40219.1
Project("{FAE04EC0-301F-11D3-BF4B-00C04F79EFBC}") = "BilgeAdam", "BilgeAdam\BilgeAdam.csproj", "{CDDE5445-F515-42E2-9308-837A2626AFA0}"
EndProject
Project("{FAE04EC0-301F-11D3-BF4B-00C04F79EFBC}") = "BilgeAdam.Data", "BilgeAdam.Data\BilgeAdam.Data.csproj", "{67CDBD56-2AD2-4BC7-9FBA-2EAFDDB6E62C}"
EndProject
Project("{FAE04EC0-301F-11D3-BF4B-00C04F79EFBC}") = "BilgeAdam.Helper", "BilgeAdam.Helper\BilgeAdam.Helper.csproj", "{718364D4-CE65-4C6C-B57C-A8FAA8E12659}"
EndProject
Project("{FAE04EC0-301F-11D3-BF4B-00C04F79EFBC}") = "Client", "Client\Client.csproj", "{0DB8F5A4-ECDC-43CC-AA47-F44C04C1A41F}"
EndProject
Project("{FAE04EC0-301F-11D3-BF4B-00C04F79EFBC}") = "Server", "Server1\Server.csproj", "{573BD6B0-C4E2-4158-9A32-09AD45570047}"
EndProject
Global
	GlobalSection(SolutionConfigurationPlatforms) = preSolution
		Debug|Any CPU = Debug|Any CPU
		Release|Any CPU = Release|Any CPU
	EndGlobalSection
	GlobalSection(ProjectConfigurationPlatforms) = postSolution
		{CDDE5445-F515-42E2-9308-837A2626AFA0}.Debug|Any CPU.ActiveCfg = Debug|Any CPU
		{CDDE5445-F515-42E2-9308-837A2626AFA0}.Debug|Any CPU.Build.0 = Debug|Any CPU
		{CDDE5445-F515-42E2-9308-837A2626AFA0}.Release|Any CPU.ActiveCfg = Release|Any CPU
		{CDDE5445-F515-42E2-9308-837A2626AFA0}.Release|Any CPU.Build.0 = Release|Any CPU
		{67CDBD56-2AD2-4BC7-9FBA-2EAFDDB6E62C}.Debug|Any CPU.ActiveCfg = Debug|Any CPU
		{67CDBD56-2AD2-4BC7-9FBA-2EAFDDB6E62C}.Debug|Any CPU.Build.0 = Debug|Any CPU
		{67CDBD56-2AD2-4BC7-9FBA-2EAFDDB6E62C}.Release|Any CPU.ActiveCfg = Release|Any CPU
		{67CDBD56-2AD2-4BC7-9FBA-2EAFDDB6E62C}.Release|Any CPU.Build.0 = Release|Any CPU
		{718364D4-CE65-4C6C-B57C-A8FAA8E12659}.Debug|Any CPU.ActiveCfg = Debug|Any CPU
		{718364D4-CE65-4C6C-B57C-A8FAA8E12659}.Debug|Any CPU.Build.0 = Debug|Any CPU
		{718364D4-CE65-4C6C-B57C-A8FAA8E12659}.Release|Any CPU.ActiveCfg = Release|Any CPU
		{718364D4-CE65-4C6C-B57C-A8FAA8E12659}.Release|Any CPU.Build.0 = Release|Any CPU
		{0DB8F5A4-ECDC-43CC-AA47-F44C04C1A41F}.Debug|Any CPU.ActiveCfg = Debug|Any CPU
		{0DB8F5A4-ECDC-43CC-AA47-F44C04C1A41F}.Debug|Any CPU.Build.0 = Debug|Any CPU
		{0DB8F5A4-ECDC-43CC-AA47-F44C04C1A41F}.Release|Any CPU.ActiveCfg = Release|Any CPU
		{0DB8F5A4-ECDC-43CC-AA47-F44C04C1A41F}.Release|Any CPU.Build.0 = Release|Any CPU
		{573BD6B0-C4E2-4158-9A32-09AD45570047}.Debug|Any CPU.ActiveCfg = Debug|Any CPU
		{573BD6B0-C4E2-4158-9A32-09AD45570047}.Debug|Any CPU.Build.0 = Debug|Any CPU
		{573BD6B0-C4E2-4158-9A32-09AD45570047}.Release|Any CPU.ActiveCfg = Release|Any CPU
		{573BD6B0-C4E2-4158-9A32-09AD45570047}.Release|Any CPU.Build.0 = Release|Any CPU
	EndGlobalSection
	GlobalSection(SolutionProperties) = preSolution
		HideSolutionNode = FALSE
	EndGlobalSection
	GlobalSection(ExtensibilityGlobals) = postSolution
		SolutionGuid = {E4A74136-40E8-4A39-9CCA-1B6B89FC3B43}
	EndGlobalSection
EndGlobal
